
Microsoft Visual Studio Solution File, Format Version 12.00
# Visual Studio Version 17
VisualStudioVersion = 17.13.35825.156 d17.13
MinimumVisualStudioVersion = 10.0.40219.1
Project("{FAE04EC0-301F-11D3-BF4B-00C04F79EFBC}") = "DivToHours.API", "DivToHours.API\DivToHours.API.csproj", "{1935269C-E7EF-48EF-8E15-C0877896415A}"
EndProject
Project("{FAE04EC0-301F-11D3-BF4B-00C04F79EFBC}") = "DivToHours.Data", "DivToHours.Data\DivToHours.Data.csproj", "{7285A69C-44BD-4A72-B5AA-E0900BCBDD25}"
EndProject
Project("{FAE04EC0-301F-11D3-BF4B-00C04F79EFBC}") = "DivToHours.Core", "DivToHours.Core\DivToHours.Core.csproj", "{D062935C-A93C-4B0E-B0DF-FF9E9C25CBDF}"
EndProject
Project("{FAE04EC0-301F-11D3-BF4B-00C04F79EFBC}") = "DivToHours.Service", "DivToHours.Service\DivToHours.Service.csproj", "{27743A3B-365C-4C3E-90B3-822B00151B1C}"
EndProject
Global
	GlobalSection(SolutionConfigurationPlatforms) = preSolution
		Debug|Any CPU = Debug|Any CPU
		Release|Any CPU = Release|Any CPU
	EndGlobalSection
	GlobalSection(ProjectConfigurationPlatforms) = postSolution
		{1935269C-E7EF-48EF-8E15-C0877896415A}.Debug|Any CPU.ActiveCfg = Debug|Any CPU
		{1935269C-E7EF-48EF-8E15-C0877896415A}.Debug|Any CPU.Build.0 = Debug|Any CPU
		{1935269C-E7EF-48EF-8E15-C0877896415A}.Release|Any CPU.ActiveCfg = Release|Any CPU
		{1935269C-E7EF-48EF-8E15-C0877896415A}.Release|Any CPU.Build.0 = Release|Any CPU
		{7285A69C-44BD-4A72-B5AA-E0900BCBDD25}.Debug|Any CPU.ActiveCfg = Debug|Any CPU
		{7285A69C-44BD-4A72-B5AA-E0900BCBDD25}.Debug|Any CPU.Build.0 = Debug|Any CPU
		{7285A69C-44BD-4A72-B5AA-E0900BCBDD25}.Release|Any CPU.ActiveCfg = Release|Any CPU
		{7285A69C-44BD-4A72-B5AA-E0900BCBDD25}.Release|Any CPU.Build.0 = Release|Any CPU
		{D062935C-A93C-4B0E-B0DF-FF9E9C25CBDF}.Debug|Any CPU.ActiveCfg = Debug|Any CPU
		{D062935C-A93C-4B0E-B0DF-FF9E9C25CBDF}.Debug|Any CPU.Build.0 = Debug|Any CPU
		{D062935C-A93C-4B0E-B0DF-FF9E9C25CBDF}.Release|Any CPU.ActiveCfg = Release|Any CPU
		{D062935C-A93C-4B0E-B0DF-FF9E9C25CBDF}.Release|Any CPU.Build.0 = Release|Any CPU
		{27743A3B-365C-4C3E-90B3-822B00151B1C}.Debug|Any CPU.ActiveCfg = Debug|Any CPU
		{27743A3B-365C-4C3E-90B3-822B00151B1C}.Debug|Any CPU.Build.0 = Debug|Any CPU
		{27743A3B-365C-4C3E-90B3-822B00151B1C}.Release|Any CPU.ActiveCfg = Release|Any CPU
		{27743A3B-365C-4C3E-90B3-822B00151B1C}.Release|Any CPU.Build.0 = Release|Any CPU
	EndGlobalSection
	GlobalSection(SolutionProperties) = preSolution
		HideSolutionNode = FALSE
	EndGlobalSection
	GlobalSection(ExtensibilityGlobals) = postSolution
		SolutionGuid = {4E3593B4-E340-4B3B-BE2D-65214376F475}
	EndGlobalSection
EndGlobal
